
Microsoft Visual Studio Solution File, Format Version 12.00
# Visual Studio 15
Project("{FAE04EC0-301F-11D3-BF4B-00C04F79EFBC}") = "Assembly-CSharp", "Assembly-CSharp.csproj", "{A19F2E0D-379C-F715-FED0-6E90A9D5DA74}"
EndProject
Project("{FAE04EC0-301F-11D3-BF4B-00C04F79EFBC}") = "Assembly-CSharp-firstpass", "Assembly-CSharp-firstpass.csproj", "{0F269331-2F9E-056A-9C88-81CBE7384AB4}"
EndProject
Project("{FAE04EC0-301F-11D3-BF4B-00C04F79EFBC}") = "Assembly-CSharp-Editor", "Assembly-CSharp-Editor.csproj", "{34952D8B-EEE0-42F4-EEC1-5F95D32A6EE0}"
EndProject
Project("{FAE04EC0-301F-11D3-BF4B-00C04F79EFBC}") = "Assembly-CSharp-Editor-firstpass", "Assembly-CSharp-Editor-firstpass.csproj", "{EB0364EE-0DBF-BD6F-81C2-2951D1FCD7B2}"
EndProject
Global
	GlobalSection(SolutionConfigurationPlatforms) = preSolution
		Debug|Any CPU = Debug|Any CPU
		Release|Any CPU = Release|Any CPU
	EndGlobalSection
	GlobalSection(ProjectConfigurationPlatforms) = postSolution
		{A19F2E0D-379C-F715-FED0-6E90A9D5DA74}.Debug|Any CPU.ActiveCfg = Debug|Any CPU
		{A19F2E0D-379C-F715-FED0-6E90A9D5DA74}.Debug|Any CPU.Build.0 = Debug|Any CPU
		{A19F2E0D-379C-F715-FED0-6E90A9D5DA74}.Release|Any CPU.ActiveCfg = Release|Any CPU
		{A19F2E0D-379C-F715-FED0-6E90A9D5DA74}.Release|Any CPU.Build.0 = Release|Any CPU
		{0F269331-2F9E-056A-9C88-81CBE7384AB4}.Debug|Any CPU.ActiveCfg = Debug|Any CPU
		{0F269331-2F9E-056A-9C88-81CBE7384AB4}.Debug|Any CPU.Build.0 = Debug|Any CPU
		{0F269331-2F9E-056A-9C88-81CBE7384AB4}.Release|Any CPU.ActiveCfg = Release|Any CPU
		{0F269331-2F9E-056A-9C88-81CBE7384AB4}.Release|Any CPU.Build.0 = Release|Any CPU
		{34952D8B-EEE0-42F4-EEC1-5F95D32A6EE0}.Debug|Any CPU.ActiveCfg = Debug|Any CPU
		{34952D8B-EEE0-42F4-EEC1-5F95D32A6EE0}.Debug|Any CPU.Build.0 = Debug|Any CPU
		{34952D8B-EEE0-42F4-EEC1-5F95D32A6EE0}.Release|Any CPU.ActiveCfg = Release|Any CPU
		{34952D8B-EEE0-42F4-EEC1-5F95D32A6EE0}.Release|Any CPU.Build.0 = Release|Any CPU
		{EB0364EE-0DBF-BD6F-81C2-2951D1FCD7B2}.Debug|Any CPU.ActiveCfg = Debug|Any CPU
		{EB0364EE-0DBF-BD6F-81C2-2951D1FCD7B2}.Debug|Any CPU.Build.0 = Debug|Any CPU
		{EB0364EE-0DBF-BD6F-81C2-2951D1FCD7B2}.Release|Any CPU.ActiveCfg = Release|Any CPU
		{EB0364EE-0DBF-BD6F-81C2-2951D1FCD7B2}.Release|Any CPU.Build.0 = Release|Any CPU
	EndGlobalSection
	GlobalSection(SolutionProperties) = preSolution
		HideSolutionNode = FALSE
	EndGlobalSection
EndGlobal
